{
  "name": "midterm-team-7-zaw-lewand-password-security-zaw-lewand",
  "lockfileVersion": 3,
  "requires": true,
  "packages": {
    "": {
      "dependencies": {
        "txt-to-json": "^1.0.0"
      }
    },
    "node_modules/txt-to-json": {
      "version": "1.0.0",
      "resolved": "https://registry.npmjs.org/txt-to-json/-/txt-to-json-1.0.0.tgz",
      "integrity": "sha512-WyThsxubQSRya5nSnL/cNqErEF7/g3wx77y7Y0fVJjEDxZIx7bgo163OxCy23AHhYAOGv0isiVNlcTKvlU73gQ==",
      "license": "MIT"
    }
  }
}
